
Microsoft Visual Studio Solution File, Format Version 12.00
# Visual Studio 15
VisualStudioVersion = 15.0.28307.106
MinimumVisualStudioVersion = 10.0.40219.1
Project("{FAE04EC0-301F-11D3-BF4B-00C04F79EFBC}") = "InContainerShared", "InContainerShared\InContainerShared.csproj", "{EBB4C23C-FFB2-4C01-965B-74402F56C6CF}"
EndProject
Project("{FAE04EC0-301F-11D3-BF4B-00C04F79EFBC}") = "RunTests", "RunTests\RunTests.csproj", "{5DAE05A8-B447-4C7F-99FB-AE0F3D120177}"
EndProject
Project("{FAE04EC0-301F-11D3-BF4B-00C04F79EFBC}") = "RunTestsLocally", "RunTestsLocally\RunTestsLocally.csproj", "{237A69EF-A983-47E1-9585-A35A4BE9BB99}"
EndProject
Project("{FAE04EC0-301F-11D3-BF4B-00C04F79EFBC}") = "HiQ", "HiQ\HiQ.csproj", "{886E8F1B-8D34-4612-A459-2659B392A910}"
EndProject
Project("{FAE04EC0-301F-11D3-BF4B-00C04F79EFBC}") = "MessageModels", "MessageModels\MessageModels.csproj", "{2515EBDF-3275-4934-85A1-CB7BFC166DD4}"
EndProject
Project("{FAE04EC0-301F-11D3-BF4B-00C04F79EFBC}") = "Model", "Model\Model.csproj", "{FE06E298-5167-4BBD-A7DF-0838076594A1}"
EndProject
Global
	GlobalSection(SolutionConfigurationPlatforms) = preSolution
		Debug|Any CPU = Debug|Any CPU
		Debug|x64 = Debug|x64
		Debug|x86 = Debug|x86
		Release|Any CPU = Release|Any CPU
		Release|x64 = Release|x64
		Release|x86 = Release|x86
	EndGlobalSection
	GlobalSection(ProjectConfigurationPlatforms) = postSolution
		{EBB4C23C-FFB2-4C01-965B-74402F56C6CF}.Debug|Any CPU.ActiveCfg = Debug|Any CPU
		{EBB4C23C-FFB2-4C01-965B-74402F56C6CF}.Debug|Any CPU.Build.0 = Debug|Any CPU
		{EBB4C23C-FFB2-4C01-965B-74402F56C6CF}.Debug|x64.ActiveCfg = Debug|x64
		{EBB4C23C-FFB2-4C01-965B-74402F56C6CF}.Debug|x64.Build.0 = Debug|x64
		{EBB4C23C-FFB2-4C01-965B-74402F56C6CF}.Debug|x86.ActiveCfg = Debug|x86
		{EBB4C23C-FFB2-4C01-965B-74402F56C6CF}.Debug|x86.Build.0 = Debug|x86
		{EBB4C23C-FFB2-4C01-965B-74402F56C6CF}.Release|Any CPU.ActiveCfg = Release|Any CPU
		{EBB4C23C-FFB2-4C01-965B-74402F56C6CF}.Release|Any CPU.Build.0 = Release|Any CPU
		{EBB4C23C-FFB2-4C01-965B-74402F56C6CF}.Release|x64.ActiveCfg = Release|x64
		{EBB4C23C-FFB2-4C01-965B-74402F56C6CF}.Release|x64.Build.0 = Release|x64
		{EBB4C23C-FFB2-4C01-965B-74402F56C6CF}.Release|x86.ActiveCfg = Release|x86
		{EBB4C23C-FFB2-4C01-965B-74402F56C6CF}.Release|x86.Build.0 = Release|x86
		{5DAE05A8-B447-4C7F-99FB-AE0F3D120177}.Debug|Any CPU.ActiveCfg = Debug|Any CPU
		{5DAE05A8-B447-4C7F-99FB-AE0F3D120177}.Debug|Any CPU.Build.0 = Debug|Any CPU
		{5DAE05A8-B447-4C7F-99FB-AE0F3D120177}.Debug|x64.ActiveCfg = Debug|x64
		{5DAE05A8-B447-4C7F-99FB-AE0F3D120177}.Debug|x64.Build.0 = Debug|x64
		{5DAE05A8-B447-4C7F-99FB-AE0F3D120177}.Debug|x86.ActiveCfg = Debug|x86
		{5DAE05A8-B447-4C7F-99FB-AE0F3D120177}.Debug|x86.Build.0 = Debug|x86
		{5DAE05A8-B447-4C7F-99FB-AE0F3D120177}.Release|Any CPU.ActiveCfg = Release|Any CPU
		{5DAE05A8-B447-4C7F-99FB-AE0F3D120177}.Release|Any CPU.Build.0 = Release|Any CPU
		{5DAE05A8-B447-4C7F-99FB-AE0F3D120177}.Release|x64.ActiveCfg = Release|x64
		{5DAE05A8-B447-4C7F-99FB-AE0F3D120177}.Release|x64.Build.0 = Release|x64
		{5DAE05A8-B447-4C7F-99FB-AE0F3D120177}.Release|x86.ActiveCfg = Release|x86
		{5DAE05A8-B447-4C7F-99FB-AE0F3D120177}.Release|x86.Build.0 = Release|x86
		{237A69EF-A983-47E1-9585-A35A4BE9BB99}.Debug|Any CPU.ActiveCfg = Debug|Any CPU
		{237A69EF-A983-47E1-9585-A35A4BE9BB99}.Debug|Any CPU.Build.0 = Debug|Any CPU
		{237A69EF-A983-47E1-9585-A35A4BE9BB99}.Debug|x64.ActiveCfg = Debug|x64
		{237A69EF-A983-47E1-9585-A35A4BE9BB99}.Debug|x64.Build.0 = Debug|x64
		{237A69EF-A983-47E1-9585-A35A4BE9BB99}.Debug|x86.ActiveCfg = Debug|x86
		{237A69EF-A983-47E1-9585-A35A4BE9BB99}.Debug|x86.Build.0 = Debug|x86
		{237A69EF-A983-47E1-9585-A35A4BE9BB99}.Release|Any CPU.ActiveCfg = Release|Any CPU
		{237A69EF-A983-47E1-9585-A35A4BE9BB99}.Release|Any CPU.Build.0 = Release|Any CPU
		{237A69EF-A983-47E1-9585-A35A4BE9BB99}.Release|x64.ActiveCfg = Release|x64
		{237A69EF-A983-47E1-9585-A35A4BE9BB99}.Release|x64.Build.0 = Release|x64
		{237A69EF-A983-47E1-9585-A35A4BE9BB99}.Release|x86.ActiveCfg = Release|x86
		{237A69EF-A983-47E1-9585-A35A4BE9BB99}.Release|x86.Build.0 = Release|x86
		{886E8F1B-8D34-4612-A459-2659B392A910}.Debug|Any CPU.ActiveCfg = Debug|Any CPU
		{886E8F1B-8D34-4612-A459-2659B392A910}.Debug|Any CPU.Build.0 = Debug|Any CPU
		{886E8F1B-8D34-4612-A459-2659B392A910}.Debug|x64.ActiveCfg = Debug|x64
		{886E8F1B-8D34-4612-A459-2659B392A910}.Debug|x64.Build.0 = Debug|x64
		{886E8F1B-8D34-4612-A459-2659B392A910}.Debug|x86.ActiveCfg = Debug|x86
		{886E8F1B-8D34-4612-A459-2659B392A910}.Debug|x86.Build.0 = Debug|x86
		{886E8F1B-8D34-4612-A459-2659B392A910}.Release|Any CPU.ActiveCfg = Release|Any CPU
		{886E8F1B-8D34-4612-A459-2659B392A910}.Release|Any CPU.Build.0 = Release|Any CPU
		{886E8F1B-8D34-4612-A459-2659B392A910}.Release|x64.ActiveCfg = Release|x64
		{886E8F1B-8D34-4612-A459-2659B392A910}.Release|x64.Build.0 = Release|x64
		{886E8F1B-8D34-4612-A459-2659B392A910}.Release|x86.ActiveCfg = Release|x86
		{886E8F1B-8D34-4612-A459-2659B392A910}.Release|x86.Build.0 = Release|x86
		{2515EBDF-3275-4934-85A1-CB7BFC166DD4}.Debug|Any CPU.ActiveCfg = Debug|Any CPU
		{2515EBDF-3275-4934-85A1-CB7BFC166DD4}.Debug|Any CPU.Build.0 = Debug|Any CPU
		{2515EBDF-3275-4934-85A1-CB7BFC166DD4}.Debug|x64.ActiveCfg = Debug|x64
		{2515EBDF-3275-4934-85A1-CB7BFC166DD4}.Debug|x64.Build.0 = Debug|x64
		{2515EBDF-3275-4934-85A1-CB7BFC166DD4}.Debug|x86.ActiveCfg = Debug|x86
		{2515EBDF-3275-4934-85A1-CB7BFC166DD4}.Debug|x86.Build.0 = Debug|x86
		{2515EBDF-3275-4934-85A1-CB7BFC166DD4}.Release|Any CPU.ActiveCfg = Release|Any CPU
		{2515EBDF-3275-4934-85A1-CB7BFC166DD4}.Release|Any CPU.Build.0 = Release|Any CPU
		{2515EBDF-3275-4934-85A1-CB7BFC166DD4}.Release|x64.ActiveCfg = Release|x64
		{2515EBDF-3275-4934-85A1-CB7BFC166DD4}.Release|x64.Build.0 = Release|x64
		{2515EBDF-3275-4934-85A1-CB7BFC166DD4}.Release|x86.ActiveCfg = Release|x86
		{2515EBDF-3275-4934-85A1-CB7BFC166DD4}.Release|x86.Build.0 = Release|x86
		{FE06E298-5167-4BBD-A7DF-0838076594A1}.Debug|Any CPU.ActiveCfg = Debug|Any CPU
		{FE06E298-5167-4BBD-A7DF-0838076594A1}.Debug|Any CPU.Build.0 = Debug|Any CPU
		{FE06E298-5167-4BBD-A7DF-0838076594A1}.Debug|x64.ActiveCfg = Debug|x64
		{FE06E298-5167-4BBD-A7DF-0838076594A1}.Debug|x64.Build.0 = Debug|x64
		{FE06E298-5167-4BBD-A7DF-0838076594A1}.Debug|x86.ActiveCfg = Debug|x86
		{FE06E298-5167-4BBD-A7DF-0838076594A1}.Debug|x86.Build.0 = Debug|x86
		{FE06E298-5167-4BBD-A7DF-0838076594A1}.Release|Any CPU.ActiveCfg = Release|Any CPU
		{FE06E298-5167-4BBD-A7DF-0838076594A1}.Release|Any CPU.Build.0 = Release|Any CPU
		{FE06E298-5167-4BBD-A7DF-0838076594A1}.Release|x64.ActiveCfg = Release|x64
		{FE06E298-5167-4BBD-A7DF-0838076594A1}.Release|x64.Build.0 = Release|x64
		{FE06E298-5167-4BBD-A7DF-0838076594A1}.Release|x86.ActiveCfg = Release|x86
		{FE06E298-5167-4BBD-A7DF-0838076594A1}.Release|x86.Build.0 = Release|x86
	EndGlobalSection
	GlobalSection(SolutionProperties) = preSolution
		HideSolutionNode = FALSE
	EndGlobalSection
	GlobalSection(ExtensibilityGlobals) = postSolution
		SolutionGuid = {0831375E-01B3-4F5D-BFF5-44BDC7FECB20}
	EndGlobalSection
EndGlobal
