
Microsoft Visual Studio Solution File, Format Version 12.00
# Visual Studio 15
VisualStudioVersion = 15.0.27428.2027
MinimumVisualStudioVersion = 10.0.40219.1
Project("{FAE04EC0-301F-11D3-BF4B-00C04F79EFBC}") = "SystemUnderTest", "SystemUnderTest\SystemUnderTest.csproj", "{8EDF4429-251A-416D-BB68-93F227191BCF}"
EndProject
Project("{FAE04EC0-301F-11D3-BF4B-00C04F79EFBC}") = "MessageModels", "MessageModels\MessageModels.csproj", "{2515EBDF-3275-4934-85A1-CB7BFC166DD4}"
EndProject
Project("{FAE04EC0-301F-11D3-BF4B-00C04F79EFBC}") = "ContainerManager", "ContainerManager\ContainerManager.csproj", "{67DC6AD7-4BC4-408C-8368-A44929E9ED85}"
EndProject
Project("{FAE04EC0-301F-11D3-BF4B-00C04F79EFBC}") = "DataEF", "DataEF\DataEF.csproj", "{6CFAB51D-E90D-4827-80CA-16B6B3189B5F}"
EndProject
Project("{FAE04EC0-301F-11D3-BF4B-00C04F79EFBC}") = "Model", "Model\Model.csproj", "{FE06E298-5167-4BBD-A7DF-0838076594A1}"
EndProject
Project("{FAE04EC0-301F-11D3-BF4B-00C04F79EFBC}") = "BuildManager", "BuildManager\BuildManager.csproj", "{44EDA651-93D9-4DC2-850C-094C089CC5D0}"
EndProject
Project("{2150E333-8FDC-42A3-9474-1A3956D46DE8}") = "Tests", "Tests", "{F4A80CCA-B7E7-49BF-BE16-A7A411D033B2}"
EndProject
Project("{FAE04EC0-301F-11D3-BF4B-00C04F79EFBC}") = "ContainerManagerTests", "ContainerManagerTests\ContainerManagerTests.csproj", "{9F44520A-5BDB-444F-A966-89299FC0B7C8}"
EndProject
Project("{FAE04EC0-301F-11D3-BF4B-00C04F79EFBC}") = "HiQ", "HiQ\HiQ.csproj", "{886E8F1B-8D34-4612-A459-2659B392A910}"
EndProject
Project("{FAE04EC0-301F-11D3-BF4B-00C04F79EFBC}") = "HiQTests", "HiQTests\HiQTests.csproj", "{21CAF064-1FFE-491A-9960-5A4578AC15ED}"
EndProject
Project("{FAE04EC0-301F-11D3-BF4B-00C04F79EFBC}") = "DockerUtils", "DockerUtils\DockerUtils.csproj", "{23BFBE6B-BD87-45F0-A939-0E9FA30B1783}"
EndProject
Project("{FAE04EC0-301F-11D3-BF4B-00C04F79EFBC}") = "SocketServer", "SocketServer\SocketServer.csproj", "{F5A9BF8B-A847-44EA-96DE-4DB4BD19F3EB}"
EndProject
Project("{FAE04EC0-301F-11D3-BF4B-00C04F79EFBC}") = "SocketClient", "SocketClient\SocketClient.csproj", "{BD8BF6A8-881D-426A-AE75-CDFE0A71EDFA}"
EndProject
Project("{2150E333-8FDC-42A3-9474-1A3956D46DE8}") = "InContainer", "InContainer", "{11E07716-DE5F-43A2-8227-33EA241DBF44}"
EndProject
Project("{2150E333-8FDC-42A3-9474-1A3956D46DE8}") = "Docker", "Docker", "{04F3662A-63B5-4010-8955-FDC552703D98}"
	ProjectSection(SolutionItems) = preProject
		Dockerfile = Dockerfile
	EndProjectSection
EndProject
Project("{FAE04EC0-301F-11D3-BF4B-00C04F79EFBC}") = "ListTests", "ListTests\ListTests.csproj", "{46057B98-9FA4-4BE4-8288-EF5CF9E7AB76}"
EndProject
Project("{FAE04EC0-301F-11D3-BF4B-00C04F79EFBC}") = "RunTests", "RunTests\RunTests.csproj", "{5DAE05A8-B447-4C7F-99FB-AE0F3D120177}"
EndProject
Project("{FAE04EC0-301F-11D3-BF4B-00C04F79EFBC}") = "RunTestsLocally", "RunTestsLocally\RunTestsLocally.csproj", "{237A69EF-A983-47E1-9585-A35A4BE9BB99}"
EndProject
Project("{FAE04EC0-301F-11D3-BF4B-00C04F79EFBC}") = "InContainerShared", "InContainerShared\InContainerShared.csproj", "{EBB4C23C-FFB2-4C01-965B-74402F56C6CF}"
EndProject
Project("{FAE04EC0-301F-11D3-BF4B-00C04F79EFBC}") = "Common", "Common\Common.csproj", "{0DE4D48D-F841-4D78-92C2-47A5DE68504E}"
EndProject
Project("{FAE04EC0-301F-11D3-BF4B-00C04F79EFBC}") = "Sleep", "Sleep\Sleep.csproj", "{F2FB8BA7-7A93-4369-9CFA-1EDB0F96B081}"
EndProject
Project("{FAE04EC0-301F-11D3-BF4B-00C04F79EFBC}") = "InContainerSharedTests", "InContainerSharedTests\InContainerSharedTests.csproj", "{2606F1F2-2294-4B99-953E-06CBA0D8D00F}"
EndProject
Project("{FAE04EC0-301F-11D3-BF4B-00C04F79EFBC}") = "DockerComposeUtils", "DockerComposeUtils\DockerComposeUtils.csproj", "{7EB9B9AF-6A5B-4493-A929-8967B466FCDE}"
EndProject
Project("{FAE04EC0-301F-11D3-BF4B-00C04F79EFBC}") = "DockerComposeUtilsTests", "DockerComposeUtilsTests\DockerComposeUtilsTests.csproj", "{CEEA1F0B-F47C-406F-9738-2134C784D7EC}"
EndProject
Project("{FAE04EC0-301F-11D3-BF4B-00C04F79EFBC}") = "BuildManagerTests", "BuildManagerTests\BuildManagerTests.csproj", "{F3A570D9-5DD5-4E5D-BA79-389E463225FC}"
EndProject
Project("{9A19103F-16F7-4668-BE54-9A1E7A4F7556}") = "ComposeManager", "ComposeManager\ComposeManager.csproj", "{19D734B7-E067-4637-BAB1-7CFFA60014D5}"
EndProject
Project("{9A19103F-16F7-4668-BE54-9A1E7A4F7556}") = "JobModels", "JobModels\JobModels.csproj", "{3029B542-94DE-423C-A42A-86044C668D0A}"
EndProject
Project("{9A19103F-16F7-4668-BE54-9A1E7A4F7556}") = "DockerUtilities", "DockerUtilities\DockerUtilities.csproj", "{973CD531-4EB7-4515-BA81-888D77A9E809}"
EndProject
Project("{9A19103F-16F7-4668-BE54-9A1E7A4F7556}") = "DockerUtilitiesTests", "DockerUtilitiesTests\DockerUtilitiesTests.csproj", "{2F67D06D-D6D0-4156-8685-418DC7206E63}"
EndProject
Project("{FAE04EC0-301F-11D3-BF4B-00C04F79EFBC}") = "TestAnalyser", "TestAnalyser\TestAnalyser.csproj", "{C6DC35FC-482C-428C-96C5-1EC269B5BBB0}"
EndProject
Project("{FAE04EC0-301F-11D3-BF4B-00C04F79EFBC}") = "Messages", "Messages\Messages.csproj", "{94CAA336-1C64-4C34-AD53-9C952CE689CE}"
EndProject
Project("{FAE04EC0-301F-11D3-BF4B-00C04F79EFBC}") = "QueueService", "QueueService\QueueService.csproj", "{BC78F03C-384C-41CC-BD5A-15D9E3156704}"
EndProject
Global
	GlobalSection(SolutionConfigurationPlatforms) = preSolution
		Debug|Any CPU = Debug|Any CPU
		Debug|x64 = Debug|x64
		Debug|x86 = Debug|x86
		Release|Any CPU = Release|Any CPU
		Release|x64 = Release|x64
		Release|x86 = Release|x86
	EndGlobalSection
	GlobalSection(ProjectConfigurationPlatforms) = postSolution
		{8EDF4429-251A-416D-BB68-93F227191BCF}.Debug|Any CPU.ActiveCfg = Debug|Any CPU
		{8EDF4429-251A-416D-BB68-93F227191BCF}.Debug|Any CPU.Build.0 = Debug|Any CPU
		{8EDF4429-251A-416D-BB68-93F227191BCF}.Debug|x64.ActiveCfg = Debug|x64
		{8EDF4429-251A-416D-BB68-93F227191BCF}.Debug|x64.Build.0 = Debug|x64
		{8EDF4429-251A-416D-BB68-93F227191BCF}.Debug|x86.ActiveCfg = Debug|x86
		{8EDF4429-251A-416D-BB68-93F227191BCF}.Debug|x86.Build.0 = Debug|x86
		{8EDF4429-251A-416D-BB68-93F227191BCF}.Release|Any CPU.ActiveCfg = Release|Any CPU
		{8EDF4429-251A-416D-BB68-93F227191BCF}.Release|Any CPU.Build.0 = Release|Any CPU
		{8EDF4429-251A-416D-BB68-93F227191BCF}.Release|x64.ActiveCfg = Release|x64
		{8EDF4429-251A-416D-BB68-93F227191BCF}.Release|x64.Build.0 = Release|x64
		{8EDF4429-251A-416D-BB68-93F227191BCF}.Release|x86.ActiveCfg = Release|x86
		{8EDF4429-251A-416D-BB68-93F227191BCF}.Release|x86.Build.0 = Release|x86
		{2515EBDF-3275-4934-85A1-CB7BFC166DD4}.Debug|Any CPU.ActiveCfg = Debug|Any CPU
		{2515EBDF-3275-4934-85A1-CB7BFC166DD4}.Debug|Any CPU.Build.0 = Debug|Any CPU
		{2515EBDF-3275-4934-85A1-CB7BFC166DD4}.Debug|x64.ActiveCfg = Debug|x64
		{2515EBDF-3275-4934-85A1-CB7BFC166DD4}.Debug|x64.Build.0 = Debug|x64
		{2515EBDF-3275-4934-85A1-CB7BFC166DD4}.Debug|x86.ActiveCfg = Debug|x86
		{2515EBDF-3275-4934-85A1-CB7BFC166DD4}.Debug|x86.Build.0 = Debug|x86
		{2515EBDF-3275-4934-85A1-CB7BFC166DD4}.Release|Any CPU.ActiveCfg = Release|Any CPU
		{2515EBDF-3275-4934-85A1-CB7BFC166DD4}.Release|Any CPU.Build.0 = Release|Any CPU
		{2515EBDF-3275-4934-85A1-CB7BFC166DD4}.Release|x64.ActiveCfg = Release|x64
		{2515EBDF-3275-4934-85A1-CB7BFC166DD4}.Release|x64.Build.0 = Release|x64
		{2515EBDF-3275-4934-85A1-CB7BFC166DD4}.Release|x86.ActiveCfg = Release|x86
		{2515EBDF-3275-4934-85A1-CB7BFC166DD4}.Release|x86.Build.0 = Release|x86
		{67DC6AD7-4BC4-408C-8368-A44929E9ED85}.Debug|Any CPU.ActiveCfg = Debug|Any CPU
		{67DC6AD7-4BC4-408C-8368-A44929E9ED85}.Debug|Any CPU.Build.0 = Debug|Any CPU
		{67DC6AD7-4BC4-408C-8368-A44929E9ED85}.Debug|x64.ActiveCfg = Debug|x64
		{67DC6AD7-4BC4-408C-8368-A44929E9ED85}.Debug|x64.Build.0 = Debug|x64
		{67DC6AD7-4BC4-408C-8368-A44929E9ED85}.Debug|x86.ActiveCfg = Debug|x86
		{67DC6AD7-4BC4-408C-8368-A44929E9ED85}.Debug|x86.Build.0 = Debug|x86
		{67DC6AD7-4BC4-408C-8368-A44929E9ED85}.Release|Any CPU.ActiveCfg = Release|Any CPU
		{67DC6AD7-4BC4-408C-8368-A44929E9ED85}.Release|Any CPU.Build.0 = Release|Any CPU
		{67DC6AD7-4BC4-408C-8368-A44929E9ED85}.Release|x64.ActiveCfg = Release|x64
		{67DC6AD7-4BC4-408C-8368-A44929E9ED85}.Release|x64.Build.0 = Release|x64
		{67DC6AD7-4BC4-408C-8368-A44929E9ED85}.Release|x86.ActiveCfg = Release|x86
		{67DC6AD7-4BC4-408C-8368-A44929E9ED85}.Release|x86.Build.0 = Release|x86
		{6CFAB51D-E90D-4827-80CA-16B6B3189B5F}.Debug|Any CPU.ActiveCfg = Debug|Any CPU
		{6CFAB51D-E90D-4827-80CA-16B6B3189B5F}.Debug|Any CPU.Build.0 = Debug|Any CPU
		{6CFAB51D-E90D-4827-80CA-16B6B3189B5F}.Debug|x64.ActiveCfg = Debug|x64
		{6CFAB51D-E90D-4827-80CA-16B6B3189B5F}.Debug|x64.Build.0 = Debug|x64
		{6CFAB51D-E90D-4827-80CA-16B6B3189B5F}.Debug|x86.ActiveCfg = Debug|x86
		{6CFAB51D-E90D-4827-80CA-16B6B3189B5F}.Debug|x86.Build.0 = Debug|x86
		{6CFAB51D-E90D-4827-80CA-16B6B3189B5F}.Release|Any CPU.ActiveCfg = Release|Any CPU
		{6CFAB51D-E90D-4827-80CA-16B6B3189B5F}.Release|Any CPU.Build.0 = Release|Any CPU
		{6CFAB51D-E90D-4827-80CA-16B6B3189B5F}.Release|x64.ActiveCfg = Release|x64
		{6CFAB51D-E90D-4827-80CA-16B6B3189B5F}.Release|x64.Build.0 = Release|x64
		{6CFAB51D-E90D-4827-80CA-16B6B3189B5F}.Release|x86.ActiveCfg = Release|x86
		{6CFAB51D-E90D-4827-80CA-16B6B3189B5F}.Release|x86.Build.0 = Release|x86
		{FE06E298-5167-4BBD-A7DF-0838076594A1}.Debug|Any CPU.ActiveCfg = Debug|Any CPU
		{FE06E298-5167-4BBD-A7DF-0838076594A1}.Debug|Any CPU.Build.0 = Debug|Any CPU
		{FE06E298-5167-4BBD-A7DF-0838076594A1}.Debug|x64.ActiveCfg = Debug|x64
		{FE06E298-5167-4BBD-A7DF-0838076594A1}.Debug|x64.Build.0 = Debug|x64
		{FE06E298-5167-4BBD-A7DF-0838076594A1}.Debug|x86.ActiveCfg = Debug|x86
		{FE06E298-5167-4BBD-A7DF-0838076594A1}.Debug|x86.Build.0 = Debug|x86
		{FE06E298-5167-4BBD-A7DF-0838076594A1}.Release|Any CPU.ActiveCfg = Release|Any CPU
		{FE06E298-5167-4BBD-A7DF-0838076594A1}.Release|Any CPU.Build.0 = Release|Any CPU
		{FE06E298-5167-4BBD-A7DF-0838076594A1}.Release|x64.ActiveCfg = Release|x64
		{FE06E298-5167-4BBD-A7DF-0838076594A1}.Release|x64.Build.0 = Release|x64
		{FE06E298-5167-4BBD-A7DF-0838076594A1}.Release|x86.ActiveCfg = Release|x86
		{FE06E298-5167-4BBD-A7DF-0838076594A1}.Release|x86.Build.0 = Release|x86
		{44EDA651-93D9-4DC2-850C-094C089CC5D0}.Debug|Any CPU.ActiveCfg = Debug|Any CPU
		{44EDA651-93D9-4DC2-850C-094C089CC5D0}.Debug|Any CPU.Build.0 = Debug|Any CPU
		{44EDA651-93D9-4DC2-850C-094C089CC5D0}.Debug|x64.ActiveCfg = Debug|x64
		{44EDA651-93D9-4DC2-850C-094C089CC5D0}.Debug|x64.Build.0 = Debug|x64
		{44EDA651-93D9-4DC2-850C-094C089CC5D0}.Debug|x86.ActiveCfg = Debug|x86
		{44EDA651-93D9-4DC2-850C-094C089CC5D0}.Debug|x86.Build.0 = Debug|x86
		{44EDA651-93D9-4DC2-850C-094C089CC5D0}.Release|Any CPU.ActiveCfg = Release|Any CPU
		{44EDA651-93D9-4DC2-850C-094C089CC5D0}.Release|Any CPU.Build.0 = Release|Any CPU
		{44EDA651-93D9-4DC2-850C-094C089CC5D0}.Release|x64.ActiveCfg = Release|x64
		{44EDA651-93D9-4DC2-850C-094C089CC5D0}.Release|x64.Build.0 = Release|x64
		{44EDA651-93D9-4DC2-850C-094C089CC5D0}.Release|x86.ActiveCfg = Release|x86
		{44EDA651-93D9-4DC2-850C-094C089CC5D0}.Release|x86.Build.0 = Release|x86
		{9F44520A-5BDB-444F-A966-89299FC0B7C8}.Debug|Any CPU.ActiveCfg = Debug|Any CPU
		{9F44520A-5BDB-444F-A966-89299FC0B7C8}.Debug|Any CPU.Build.0 = Debug|Any CPU
		{9F44520A-5BDB-444F-A966-89299FC0B7C8}.Debug|x64.ActiveCfg = Debug|x64
		{9F44520A-5BDB-444F-A966-89299FC0B7C8}.Debug|x64.Build.0 = Debug|x64
		{9F44520A-5BDB-444F-A966-89299FC0B7C8}.Debug|x86.ActiveCfg = Debug|x86
		{9F44520A-5BDB-444F-A966-89299FC0B7C8}.Debug|x86.Build.0 = Debug|x86
		{9F44520A-5BDB-444F-A966-89299FC0B7C8}.Release|Any CPU.ActiveCfg = Release|Any CPU
		{9F44520A-5BDB-444F-A966-89299FC0B7C8}.Release|Any CPU.Build.0 = Release|Any CPU
		{9F44520A-5BDB-444F-A966-89299FC0B7C8}.Release|x64.ActiveCfg = Release|x64
		{9F44520A-5BDB-444F-A966-89299FC0B7C8}.Release|x64.Build.0 = Release|x64
		{9F44520A-5BDB-444F-A966-89299FC0B7C8}.Release|x86.ActiveCfg = Release|x86
		{9F44520A-5BDB-444F-A966-89299FC0B7C8}.Release|x86.Build.0 = Release|x86
		{886E8F1B-8D34-4612-A459-2659B392A910}.Debug|Any CPU.ActiveCfg = Debug|Any CPU
		{886E8F1B-8D34-4612-A459-2659B392A910}.Debug|Any CPU.Build.0 = Debug|Any CPU
		{886E8F1B-8D34-4612-A459-2659B392A910}.Debug|x64.ActiveCfg = Debug|x64
		{886E8F1B-8D34-4612-A459-2659B392A910}.Debug|x64.Build.0 = Debug|x64
		{886E8F1B-8D34-4612-A459-2659B392A910}.Debug|x86.ActiveCfg = Debug|x86
		{886E8F1B-8D34-4612-A459-2659B392A910}.Debug|x86.Build.0 = Debug|x86
		{886E8F1B-8D34-4612-A459-2659B392A910}.Release|Any CPU.ActiveCfg = Release|Any CPU
		{886E8F1B-8D34-4612-A459-2659B392A910}.Release|Any CPU.Build.0 = Release|Any CPU
		{886E8F1B-8D34-4612-A459-2659B392A910}.Release|x64.ActiveCfg = Release|x64
		{886E8F1B-8D34-4612-A459-2659B392A910}.Release|x64.Build.0 = Release|x64
		{886E8F1B-8D34-4612-A459-2659B392A910}.Release|x86.ActiveCfg = Release|x86
		{886E8F1B-8D34-4612-A459-2659B392A910}.Release|x86.Build.0 = Release|x86
		{21CAF064-1FFE-491A-9960-5A4578AC15ED}.Debug|Any CPU.ActiveCfg = Debug|Any CPU
		{21CAF064-1FFE-491A-9960-5A4578AC15ED}.Debug|Any CPU.Build.0 = Debug|Any CPU
		{21CAF064-1FFE-491A-9960-5A4578AC15ED}.Debug|x64.ActiveCfg = Debug|x64
		{21CAF064-1FFE-491A-9960-5A4578AC15ED}.Debug|x64.Build.0 = Debug|x64
		{21CAF064-1FFE-491A-9960-5A4578AC15ED}.Debug|x86.ActiveCfg = Debug|x86
		{21CAF064-1FFE-491A-9960-5A4578AC15ED}.Debug|x86.Build.0 = Debug|x86
		{21CAF064-1FFE-491A-9960-5A4578AC15ED}.Release|Any CPU.ActiveCfg = Release|Any CPU
		{21CAF064-1FFE-491A-9960-5A4578AC15ED}.Release|Any CPU.Build.0 = Release|Any CPU
		{21CAF064-1FFE-491A-9960-5A4578AC15ED}.Release|x64.ActiveCfg = Release|x64
		{21CAF064-1FFE-491A-9960-5A4578AC15ED}.Release|x64.Build.0 = Release|x64
		{21CAF064-1FFE-491A-9960-5A4578AC15ED}.Release|x86.ActiveCfg = Release|x86
		{21CAF064-1FFE-491A-9960-5A4578AC15ED}.Release|x86.Build.0 = Release|x86
		{23BFBE6B-BD87-45F0-A939-0E9FA30B1783}.Debug|Any CPU.ActiveCfg = Debug|Any CPU
		{23BFBE6B-BD87-45F0-A939-0E9FA30B1783}.Debug|Any CPU.Build.0 = Debug|Any CPU
		{23BFBE6B-BD87-45F0-A939-0E9FA30B1783}.Debug|x64.ActiveCfg = Debug|x64
		{23BFBE6B-BD87-45F0-A939-0E9FA30B1783}.Debug|x64.Build.0 = Debug|x64
		{23BFBE6B-BD87-45F0-A939-0E9FA30B1783}.Debug|x86.ActiveCfg = Debug|x86
		{23BFBE6B-BD87-45F0-A939-0E9FA30B1783}.Debug|x86.Build.0 = Debug|x86
		{23BFBE6B-BD87-45F0-A939-0E9FA30B1783}.Release|Any CPU.ActiveCfg = Release|Any CPU
		{23BFBE6B-BD87-45F0-A939-0E9FA30B1783}.Release|Any CPU.Build.0 = Release|Any CPU
		{23BFBE6B-BD87-45F0-A939-0E9FA30B1783}.Release|x64.ActiveCfg = Release|x64
		{23BFBE6B-BD87-45F0-A939-0E9FA30B1783}.Release|x64.Build.0 = Release|x64
		{23BFBE6B-BD87-45F0-A939-0E9FA30B1783}.Release|x86.ActiveCfg = Release|x86
		{23BFBE6B-BD87-45F0-A939-0E9FA30B1783}.Release|x86.Build.0 = Release|x86
		{F5A9BF8B-A847-44EA-96DE-4DB4BD19F3EB}.Debug|Any CPU.ActiveCfg = Debug|Any CPU
		{F5A9BF8B-A847-44EA-96DE-4DB4BD19F3EB}.Debug|Any CPU.Build.0 = Debug|Any CPU
		{F5A9BF8B-A847-44EA-96DE-4DB4BD19F3EB}.Debug|x64.ActiveCfg = Debug|x64
		{F5A9BF8B-A847-44EA-96DE-4DB4BD19F3EB}.Debug|x64.Build.0 = Debug|x64
		{F5A9BF8B-A847-44EA-96DE-4DB4BD19F3EB}.Debug|x86.ActiveCfg = Debug|x86
		{F5A9BF8B-A847-44EA-96DE-4DB4BD19F3EB}.Debug|x86.Build.0 = Debug|x86
		{F5A9BF8B-A847-44EA-96DE-4DB4BD19F3EB}.Release|Any CPU.ActiveCfg = Release|Any CPU
		{F5A9BF8B-A847-44EA-96DE-4DB4BD19F3EB}.Release|Any CPU.Build.0 = Release|Any CPU
		{F5A9BF8B-A847-44EA-96DE-4DB4BD19F3EB}.Release|x64.ActiveCfg = Release|x64
		{F5A9BF8B-A847-44EA-96DE-4DB4BD19F3EB}.Release|x64.Build.0 = Release|x64
		{F5A9BF8B-A847-44EA-96DE-4DB4BD19F3EB}.Release|x86.ActiveCfg = Release|x86
		{F5A9BF8B-A847-44EA-96DE-4DB4BD19F3EB}.Release|x86.Build.0 = Release|x86
		{BD8BF6A8-881D-426A-AE75-CDFE0A71EDFA}.Debug|Any CPU.ActiveCfg = Debug|Any CPU
		{BD8BF6A8-881D-426A-AE75-CDFE0A71EDFA}.Debug|Any CPU.Build.0 = Debug|Any CPU
		{BD8BF6A8-881D-426A-AE75-CDFE0A71EDFA}.Debug|x64.ActiveCfg = Debug|x64
		{BD8BF6A8-881D-426A-AE75-CDFE0A71EDFA}.Debug|x64.Build.0 = Debug|x64
		{BD8BF6A8-881D-426A-AE75-CDFE0A71EDFA}.Debug|x86.ActiveCfg = Debug|x86
		{BD8BF6A8-881D-426A-AE75-CDFE0A71EDFA}.Debug|x86.Build.0 = Debug|x86
		{BD8BF6A8-881D-426A-AE75-CDFE0A71EDFA}.Release|Any CPU.ActiveCfg = Release|Any CPU
		{BD8BF6A8-881D-426A-AE75-CDFE0A71EDFA}.Release|Any CPU.Build.0 = Release|Any CPU
		{BD8BF6A8-881D-426A-AE75-CDFE0A71EDFA}.Release|x64.ActiveCfg = Release|x64
		{BD8BF6A8-881D-426A-AE75-CDFE0A71EDFA}.Release|x64.Build.0 = Release|x64
		{BD8BF6A8-881D-426A-AE75-CDFE0A71EDFA}.Release|x86.ActiveCfg = Release|x86
		{BD8BF6A8-881D-426A-AE75-CDFE0A71EDFA}.Release|x86.Build.0 = Release|x86
		{46057B98-9FA4-4BE4-8288-EF5CF9E7AB76}.Debug|Any CPU.ActiveCfg = Debug|Any CPU
		{46057B98-9FA4-4BE4-8288-EF5CF9E7AB76}.Debug|Any CPU.Build.0 = Debug|Any CPU
		{46057B98-9FA4-4BE4-8288-EF5CF9E7AB76}.Debug|x64.ActiveCfg = Debug|x64
		{46057B98-9FA4-4BE4-8288-EF5CF9E7AB76}.Debug|x64.Build.0 = Debug|x64
		{46057B98-9FA4-4BE4-8288-EF5CF9E7AB76}.Debug|x86.ActiveCfg = Debug|x86
		{46057B98-9FA4-4BE4-8288-EF5CF9E7AB76}.Debug|x86.Build.0 = Debug|x86
		{46057B98-9FA4-4BE4-8288-EF5CF9E7AB76}.Release|Any CPU.ActiveCfg = Release|Any CPU
		{46057B98-9FA4-4BE4-8288-EF5CF9E7AB76}.Release|Any CPU.Build.0 = Release|Any CPU
		{46057B98-9FA4-4BE4-8288-EF5CF9E7AB76}.Release|x64.ActiveCfg = Release|x64
		{46057B98-9FA4-4BE4-8288-EF5CF9E7AB76}.Release|x64.Build.0 = Release|x64
		{46057B98-9FA4-4BE4-8288-EF5CF9E7AB76}.Release|x86.ActiveCfg = Release|x86
		{46057B98-9FA4-4BE4-8288-EF5CF9E7AB76}.Release|x86.Build.0 = Release|x86
		{5DAE05A8-B447-4C7F-99FB-AE0F3D120177}.Debug|Any CPU.ActiveCfg = Debug|Any CPU
		{5DAE05A8-B447-4C7F-99FB-AE0F3D120177}.Debug|Any CPU.Build.0 = Debug|Any CPU
		{5DAE05A8-B447-4C7F-99FB-AE0F3D120177}.Debug|x64.ActiveCfg = Debug|x64
		{5DAE05A8-B447-4C7F-99FB-AE0F3D120177}.Debug|x64.Build.0 = Debug|x64
		{5DAE05A8-B447-4C7F-99FB-AE0F3D120177}.Debug|x86.ActiveCfg = Debug|x86
		{5DAE05A8-B447-4C7F-99FB-AE0F3D120177}.Debug|x86.Build.0 = Debug|x86
		{5DAE05A8-B447-4C7F-99FB-AE0F3D120177}.Release|Any CPU.ActiveCfg = Release|Any CPU
		{5DAE05A8-B447-4C7F-99FB-AE0F3D120177}.Release|Any CPU.Build.0 = Release|Any CPU
		{5DAE05A8-B447-4C7F-99FB-AE0F3D120177}.Release|x64.ActiveCfg = Release|x64
		{5DAE05A8-B447-4C7F-99FB-AE0F3D120177}.Release|x64.Build.0 = Release|x64
		{5DAE05A8-B447-4C7F-99FB-AE0F3D120177}.Release|x86.ActiveCfg = Release|x86
		{5DAE05A8-B447-4C7F-99FB-AE0F3D120177}.Release|x86.Build.0 = Release|x86
		{237A69EF-A983-47E1-9585-A35A4BE9BB99}.Debug|Any CPU.ActiveCfg = Debug|Any CPU
		{237A69EF-A983-47E1-9585-A35A4BE9BB99}.Debug|Any CPU.Build.0 = Debug|Any CPU
		{237A69EF-A983-47E1-9585-A35A4BE9BB99}.Debug|x64.ActiveCfg = Debug|x64
		{237A69EF-A983-47E1-9585-A35A4BE9BB99}.Debug|x64.Build.0 = Debug|x64
		{237A69EF-A983-47E1-9585-A35A4BE9BB99}.Debug|x86.ActiveCfg = Debug|x86
		{237A69EF-A983-47E1-9585-A35A4BE9BB99}.Debug|x86.Build.0 = Debug|x86
		{237A69EF-A983-47E1-9585-A35A4BE9BB99}.Release|Any CPU.ActiveCfg = Release|Any CPU
		{237A69EF-A983-47E1-9585-A35A4BE9BB99}.Release|Any CPU.Build.0 = Release|Any CPU
		{237A69EF-A983-47E1-9585-A35A4BE9BB99}.Release|x64.ActiveCfg = Release|x64
		{237A69EF-A983-47E1-9585-A35A4BE9BB99}.Release|x64.Build.0 = Release|x64
		{237A69EF-A983-47E1-9585-A35A4BE9BB99}.Release|x86.ActiveCfg = Release|x86
		{237A69EF-A983-47E1-9585-A35A4BE9BB99}.Release|x86.Build.0 = Release|x86
		{EBB4C23C-FFB2-4C01-965B-74402F56C6CF}.Debug|Any CPU.ActiveCfg = Debug|Any CPU
		{EBB4C23C-FFB2-4C01-965B-74402F56C6CF}.Debug|Any CPU.Build.0 = Debug|Any CPU
		{EBB4C23C-FFB2-4C01-965B-74402F56C6CF}.Debug|x64.ActiveCfg = Debug|x64
		{EBB4C23C-FFB2-4C01-965B-74402F56C6CF}.Debug|x64.Build.0 = Debug|x64
		{EBB4C23C-FFB2-4C01-965B-74402F56C6CF}.Debug|x86.ActiveCfg = Debug|x86
		{EBB4C23C-FFB2-4C01-965B-74402F56C6CF}.Debug|x86.Build.0 = Debug|x86
		{EBB4C23C-FFB2-4C01-965B-74402F56C6CF}.Release|Any CPU.ActiveCfg = Release|Any CPU
		{EBB4C23C-FFB2-4C01-965B-74402F56C6CF}.Release|Any CPU.Build.0 = Release|Any CPU
		{EBB4C23C-FFB2-4C01-965B-74402F56C6CF}.Release|x64.ActiveCfg = Release|x64
		{EBB4C23C-FFB2-4C01-965B-74402F56C6CF}.Release|x64.Build.0 = Release|x64
		{EBB4C23C-FFB2-4C01-965B-74402F56C6CF}.Release|x86.ActiveCfg = Release|x86
		{EBB4C23C-FFB2-4C01-965B-74402F56C6CF}.Release|x86.Build.0 = Release|x86
		{0DE4D48D-F841-4D78-92C2-47A5DE68504E}.Debug|Any CPU.ActiveCfg = Debug|Any CPU
		{0DE4D48D-F841-4D78-92C2-47A5DE68504E}.Debug|Any CPU.Build.0 = Debug|Any CPU
		{0DE4D48D-F841-4D78-92C2-47A5DE68504E}.Debug|x64.ActiveCfg = Debug|x64
		{0DE4D48D-F841-4D78-92C2-47A5DE68504E}.Debug|x64.Build.0 = Debug|x64
		{0DE4D48D-F841-4D78-92C2-47A5DE68504E}.Debug|x86.ActiveCfg = Debug|x86
		{0DE4D48D-F841-4D78-92C2-47A5DE68504E}.Debug|x86.Build.0 = Debug|x86
		{0DE4D48D-F841-4D78-92C2-47A5DE68504E}.Release|Any CPU.ActiveCfg = Release|Any CPU
		{0DE4D48D-F841-4D78-92C2-47A5DE68504E}.Release|Any CPU.Build.0 = Release|Any CPU
		{0DE4D48D-F841-4D78-92C2-47A5DE68504E}.Release|x64.ActiveCfg = Release|x64
		{0DE4D48D-F841-4D78-92C2-47A5DE68504E}.Release|x64.Build.0 = Release|x64
		{0DE4D48D-F841-4D78-92C2-47A5DE68504E}.Release|x86.ActiveCfg = Release|x86
		{0DE4D48D-F841-4D78-92C2-47A5DE68504E}.Release|x86.Build.0 = Release|x86
		{F2FB8BA7-7A93-4369-9CFA-1EDB0F96B081}.Debug|Any CPU.ActiveCfg = Debug|Any CPU
		{F2FB8BA7-7A93-4369-9CFA-1EDB0F96B081}.Debug|Any CPU.Build.0 = Debug|Any CPU
		{F2FB8BA7-7A93-4369-9CFA-1EDB0F96B081}.Debug|x64.ActiveCfg = Debug|Any CPU
		{F2FB8BA7-7A93-4369-9CFA-1EDB0F96B081}.Debug|x64.Build.0 = Debug|Any CPU
		{F2FB8BA7-7A93-4369-9CFA-1EDB0F96B081}.Debug|x86.ActiveCfg = Debug|Any CPU
		{F2FB8BA7-7A93-4369-9CFA-1EDB0F96B081}.Debug|x86.Build.0 = Debug|Any CPU
		{F2FB8BA7-7A93-4369-9CFA-1EDB0F96B081}.Release|Any CPU.ActiveCfg = Release|Any CPU
		{F2FB8BA7-7A93-4369-9CFA-1EDB0F96B081}.Release|Any CPU.Build.0 = Release|Any CPU
		{F2FB8BA7-7A93-4369-9CFA-1EDB0F96B081}.Release|x64.ActiveCfg = Release|Any CPU
		{F2FB8BA7-7A93-4369-9CFA-1EDB0F96B081}.Release|x64.Build.0 = Release|Any CPU
		{F2FB8BA7-7A93-4369-9CFA-1EDB0F96B081}.Release|x86.ActiveCfg = Release|Any CPU
		{F2FB8BA7-7A93-4369-9CFA-1EDB0F96B081}.Release|x86.Build.0 = Release|Any CPU
		{2606F1F2-2294-4B99-953E-06CBA0D8D00F}.Debug|Any CPU.ActiveCfg = Debug|Any CPU
		{2606F1F2-2294-4B99-953E-06CBA0D8D00F}.Debug|Any CPU.Build.0 = Debug|Any CPU
		{2606F1F2-2294-4B99-953E-06CBA0D8D00F}.Debug|x64.ActiveCfg = Debug|Any CPU
		{2606F1F2-2294-4B99-953E-06CBA0D8D00F}.Debug|x64.Build.0 = Debug|Any CPU
		{2606F1F2-2294-4B99-953E-06CBA0D8D00F}.Debug|x86.ActiveCfg = Debug|Any CPU
		{2606F1F2-2294-4B99-953E-06CBA0D8D00F}.Debug|x86.Build.0 = Debug|Any CPU
		{2606F1F2-2294-4B99-953E-06CBA0D8D00F}.Release|Any CPU.ActiveCfg = Release|Any CPU
		{2606F1F2-2294-4B99-953E-06CBA0D8D00F}.Release|Any CPU.Build.0 = Release|Any CPU
		{2606F1F2-2294-4B99-953E-06CBA0D8D00F}.Release|x64.ActiveCfg = Release|Any CPU
		{2606F1F2-2294-4B99-953E-06CBA0D8D00F}.Release|x64.Build.0 = Release|Any CPU
		{2606F1F2-2294-4B99-953E-06CBA0D8D00F}.Release|x86.ActiveCfg = Release|Any CPU
		{2606F1F2-2294-4B99-953E-06CBA0D8D00F}.Release|x86.Build.0 = Release|Any CPU
		{7EB9B9AF-6A5B-4493-A929-8967B466FCDE}.Debug|Any CPU.ActiveCfg = Debug|Any CPU
		{7EB9B9AF-6A5B-4493-A929-8967B466FCDE}.Debug|Any CPU.Build.0 = Debug|Any CPU
		{7EB9B9AF-6A5B-4493-A929-8967B466FCDE}.Debug|x64.ActiveCfg = Debug|Any CPU
		{7EB9B9AF-6A5B-4493-A929-8967B466FCDE}.Debug|x64.Build.0 = Debug|Any CPU
		{7EB9B9AF-6A5B-4493-A929-8967B466FCDE}.Debug|x86.ActiveCfg = Debug|Any CPU
		{7EB9B9AF-6A5B-4493-A929-8967B466FCDE}.Debug|x86.Build.0 = Debug|Any CPU
		{7EB9B9AF-6A5B-4493-A929-8967B466FCDE}.Release|Any CPU.ActiveCfg = Release|Any CPU
		{7EB9B9AF-6A5B-4493-A929-8967B466FCDE}.Release|Any CPU.Build.0 = Release|Any CPU
		{7EB9B9AF-6A5B-4493-A929-8967B466FCDE}.Release|x64.ActiveCfg = Release|Any CPU
		{7EB9B9AF-6A5B-4493-A929-8967B466FCDE}.Release|x64.Build.0 = Release|Any CPU
		{7EB9B9AF-6A5B-4493-A929-8967B466FCDE}.Release|x86.ActiveCfg = Release|Any CPU
		{7EB9B9AF-6A5B-4493-A929-8967B466FCDE}.Release|x86.Build.0 = Release|Any CPU
		{CEEA1F0B-F47C-406F-9738-2134C784D7EC}.Debug|Any CPU.ActiveCfg = Debug|Any CPU
		{CEEA1F0B-F47C-406F-9738-2134C784D7EC}.Debug|Any CPU.Build.0 = Debug|Any CPU
		{CEEA1F0B-F47C-406F-9738-2134C784D7EC}.Debug|x64.ActiveCfg = Debug|Any CPU
		{CEEA1F0B-F47C-406F-9738-2134C784D7EC}.Debug|x64.Build.0 = Debug|Any CPU
		{CEEA1F0B-F47C-406F-9738-2134C784D7EC}.Debug|x86.ActiveCfg = Debug|Any CPU
		{CEEA1F0B-F47C-406F-9738-2134C784D7EC}.Debug|x86.Build.0 = Debug|Any CPU
		{CEEA1F0B-F47C-406F-9738-2134C784D7EC}.Release|Any CPU.ActiveCfg = Release|Any CPU
		{CEEA1F0B-F47C-406F-9738-2134C784D7EC}.Release|Any CPU.Build.0 = Release|Any CPU
		{CEEA1F0B-F47C-406F-9738-2134C784D7EC}.Release|x64.ActiveCfg = Release|Any CPU
		{CEEA1F0B-F47C-406F-9738-2134C784D7EC}.Release|x64.Build.0 = Release|Any CPU
		{CEEA1F0B-F47C-406F-9738-2134C784D7EC}.Release|x86.ActiveCfg = Release|Any CPU
		{CEEA1F0B-F47C-406F-9738-2134C784D7EC}.Release|x86.Build.0 = Release|Any CPU
		{F3A570D9-5DD5-4E5D-BA79-389E463225FC}.Debug|Any CPU.ActiveCfg = Debug|Any CPU
		{F3A570D9-5DD5-4E5D-BA79-389E463225FC}.Debug|Any CPU.Build.0 = Debug|Any CPU
		{F3A570D9-5DD5-4E5D-BA79-389E463225FC}.Debug|x64.ActiveCfg = Debug|Any CPU
		{F3A570D9-5DD5-4E5D-BA79-389E463225FC}.Debug|x64.Build.0 = Debug|Any CPU
		{F3A570D9-5DD5-4E5D-BA79-389E463225FC}.Debug|x86.ActiveCfg = Debug|Any CPU
		{F3A570D9-5DD5-4E5D-BA79-389E463225FC}.Debug|x86.Build.0 = Debug|Any CPU
		{F3A570D9-5DD5-4E5D-BA79-389E463225FC}.Release|Any CPU.ActiveCfg = Release|Any CPU
		{F3A570D9-5DD5-4E5D-BA79-389E463225FC}.Release|Any CPU.Build.0 = Release|Any CPU
		{F3A570D9-5DD5-4E5D-BA79-389E463225FC}.Release|x64.ActiveCfg = Release|Any CPU
		{F3A570D9-5DD5-4E5D-BA79-389E463225FC}.Release|x64.Build.0 = Release|Any CPU
		{F3A570D9-5DD5-4E5D-BA79-389E463225FC}.Release|x86.ActiveCfg = Release|Any CPU
		{F3A570D9-5DD5-4E5D-BA79-389E463225FC}.Release|x86.Build.0 = Release|Any CPU
		{19D734B7-E067-4637-BAB1-7CFFA60014D5}.Debug|Any CPU.ActiveCfg = Debug|Any CPU
		{19D734B7-E067-4637-BAB1-7CFFA60014D5}.Debug|Any CPU.Build.0 = Debug|Any CPU
		{19D734B7-E067-4637-BAB1-7CFFA60014D5}.Debug|x64.ActiveCfg = Debug|Any CPU
		{19D734B7-E067-4637-BAB1-7CFFA60014D5}.Debug|x64.Build.0 = Debug|Any CPU
		{19D734B7-E067-4637-BAB1-7CFFA60014D5}.Debug|x86.ActiveCfg = Debug|Any CPU
		{19D734B7-E067-4637-BAB1-7CFFA60014D5}.Debug|x86.Build.0 = Debug|Any CPU
		{19D734B7-E067-4637-BAB1-7CFFA60014D5}.Release|Any CPU.ActiveCfg = Release|Any CPU
		{19D734B7-E067-4637-BAB1-7CFFA60014D5}.Release|Any CPU.Build.0 = Release|Any CPU
		{19D734B7-E067-4637-BAB1-7CFFA60014D5}.Release|x64.ActiveCfg = Release|Any CPU
		{19D734B7-E067-4637-BAB1-7CFFA60014D5}.Release|x64.Build.0 = Release|Any CPU
		{19D734B7-E067-4637-BAB1-7CFFA60014D5}.Release|x86.ActiveCfg = Release|Any CPU
		{19D734B7-E067-4637-BAB1-7CFFA60014D5}.Release|x86.Build.0 = Release|Any CPU
		{3029B542-94DE-423C-A42A-86044C668D0A}.Debug|Any CPU.ActiveCfg = Debug|Any CPU
		{3029B542-94DE-423C-A42A-86044C668D0A}.Debug|Any CPU.Build.0 = Debug|Any CPU
		{3029B542-94DE-423C-A42A-86044C668D0A}.Debug|x64.ActiveCfg = Debug|Any CPU
		{3029B542-94DE-423C-A42A-86044C668D0A}.Debug|x64.Build.0 = Debug|Any CPU
		{3029B542-94DE-423C-A42A-86044C668D0A}.Debug|x86.ActiveCfg = Debug|Any CPU
		{3029B542-94DE-423C-A42A-86044C668D0A}.Debug|x86.Build.0 = Debug|Any CPU
		{3029B542-94DE-423C-A42A-86044C668D0A}.Release|Any CPU.ActiveCfg = Release|Any CPU
		{3029B542-94DE-423C-A42A-86044C668D0A}.Release|Any CPU.Build.0 = Release|Any CPU
		{3029B542-94DE-423C-A42A-86044C668D0A}.Release|x64.ActiveCfg = Release|Any CPU
		{3029B542-94DE-423C-A42A-86044C668D0A}.Release|x64.Build.0 = Release|Any CPU
		{3029B542-94DE-423C-A42A-86044C668D0A}.Release|x86.ActiveCfg = Release|Any CPU
		{3029B542-94DE-423C-A42A-86044C668D0A}.Release|x86.Build.0 = Release|Any CPU
		{973CD531-4EB7-4515-BA81-888D77A9E809}.Debug|Any CPU.ActiveCfg = Debug|Any CPU
		{973CD531-4EB7-4515-BA81-888D77A9E809}.Debug|Any CPU.Build.0 = Debug|Any CPU
		{973CD531-4EB7-4515-BA81-888D77A9E809}.Debug|x64.ActiveCfg = Debug|Any CPU
		{973CD531-4EB7-4515-BA81-888D77A9E809}.Debug|x64.Build.0 = Debug|Any CPU
		{973CD531-4EB7-4515-BA81-888D77A9E809}.Debug|x86.ActiveCfg = Debug|Any CPU
		{973CD531-4EB7-4515-BA81-888D77A9E809}.Debug|x86.Build.0 = Debug|Any CPU
		{973CD531-4EB7-4515-BA81-888D77A9E809}.Release|Any CPU.ActiveCfg = Release|Any CPU
		{973CD531-4EB7-4515-BA81-888D77A9E809}.Release|Any CPU.Build.0 = Release|Any CPU
		{973CD531-4EB7-4515-BA81-888D77A9E809}.Release|x64.ActiveCfg = Release|Any CPU
		{973CD531-4EB7-4515-BA81-888D77A9E809}.Release|x64.Build.0 = Release|Any CPU
		{973CD531-4EB7-4515-BA81-888D77A9E809}.Release|x86.ActiveCfg = Release|Any CPU
		{973CD531-4EB7-4515-BA81-888D77A9E809}.Release|x86.Build.0 = Release|Any CPU
		{2F67D06D-D6D0-4156-8685-418DC7206E63}.Debug|Any CPU.ActiveCfg = Debug|Any CPU
		{2F67D06D-D6D0-4156-8685-418DC7206E63}.Debug|Any CPU.Build.0 = Debug|Any CPU
		{2F67D06D-D6D0-4156-8685-418DC7206E63}.Debug|x64.ActiveCfg = Debug|Any CPU
		{2F67D06D-D6D0-4156-8685-418DC7206E63}.Debug|x64.Build.0 = Debug|Any CPU
		{2F67D06D-D6D0-4156-8685-418DC7206E63}.Debug|x86.ActiveCfg = Debug|Any CPU
		{2F67D06D-D6D0-4156-8685-418DC7206E63}.Debug|x86.Build.0 = Debug|Any CPU
		{2F67D06D-D6D0-4156-8685-418DC7206E63}.Release|Any CPU.ActiveCfg = Release|Any CPU
		{2F67D06D-D6D0-4156-8685-418DC7206E63}.Release|Any CPU.Build.0 = Release|Any CPU
		{2F67D06D-D6D0-4156-8685-418DC7206E63}.Release|x64.ActiveCfg = Release|Any CPU
		{2F67D06D-D6D0-4156-8685-418DC7206E63}.Release|x64.Build.0 = Release|Any CPU
		{2F67D06D-D6D0-4156-8685-418DC7206E63}.Release|x86.ActiveCfg = Release|Any CPU
		{2F67D06D-D6D0-4156-8685-418DC7206E63}.Release|x86.Build.0 = Release|Any CPU
		{C6DC35FC-482C-428C-96C5-1EC269B5BBB0}.Debug|Any CPU.ActiveCfg = Debug|Any CPU
		{C6DC35FC-482C-428C-96C5-1EC269B5BBB0}.Debug|Any CPU.Build.0 = Debug|Any CPU
		{C6DC35FC-482C-428C-96C5-1EC269B5BBB0}.Debug|x64.ActiveCfg = Debug|Any CPU
		{C6DC35FC-482C-428C-96C5-1EC269B5BBB0}.Debug|x64.Build.0 = Debug|Any CPU
		{C6DC35FC-482C-428C-96C5-1EC269B5BBB0}.Debug|x86.ActiveCfg = Debug|Any CPU
		{C6DC35FC-482C-428C-96C5-1EC269B5BBB0}.Debug|x86.Build.0 = Debug|Any CPU
		{C6DC35FC-482C-428C-96C5-1EC269B5BBB0}.Release|Any CPU.ActiveCfg = Release|Any CPU
		{C6DC35FC-482C-428C-96C5-1EC269B5BBB0}.Release|Any CPU.Build.0 = Release|Any CPU
		{C6DC35FC-482C-428C-96C5-1EC269B5BBB0}.Release|x64.ActiveCfg = Release|Any CPU
		{C6DC35FC-482C-428C-96C5-1EC269B5BBB0}.Release|x64.Build.0 = Release|Any CPU
		{C6DC35FC-482C-428C-96C5-1EC269B5BBB0}.Release|x86.ActiveCfg = Release|Any CPU
		{C6DC35FC-482C-428C-96C5-1EC269B5BBB0}.Release|x86.Build.0 = Release|Any CPU
		{94CAA336-1C64-4C34-AD53-9C952CE689CE}.Debug|Any CPU.ActiveCfg = Debug|Any CPU
		{94CAA336-1C64-4C34-AD53-9C952CE689CE}.Debug|Any CPU.Build.0 = Debug|Any CPU
		{94CAA336-1C64-4C34-AD53-9C952CE689CE}.Debug|x64.ActiveCfg = Debug|Any CPU
		{94CAA336-1C64-4C34-AD53-9C952CE689CE}.Debug|x64.Build.0 = Debug|Any CPU
		{94CAA336-1C64-4C34-AD53-9C952CE689CE}.Debug|x86.ActiveCfg = Debug|Any CPU
		{94CAA336-1C64-4C34-AD53-9C952CE689CE}.Debug|x86.Build.0 = Debug|Any CPU
		{94CAA336-1C64-4C34-AD53-9C952CE689CE}.Release|Any CPU.ActiveCfg = Release|Any CPU
		{94CAA336-1C64-4C34-AD53-9C952CE689CE}.Release|Any CPU.Build.0 = Release|Any CPU
		{94CAA336-1C64-4C34-AD53-9C952CE689CE}.Release|x64.ActiveCfg = Release|Any CPU
		{94CAA336-1C64-4C34-AD53-9C952CE689CE}.Release|x64.Build.0 = Release|Any CPU
		{94CAA336-1C64-4C34-AD53-9C952CE689CE}.Release|x86.ActiveCfg = Release|Any CPU
		{94CAA336-1C64-4C34-AD53-9C952CE689CE}.Release|x86.Build.0 = Release|Any CPU
		{BC78F03C-384C-41CC-BD5A-15D9E3156704}.Debug|Any CPU.ActiveCfg = Debug|Any CPU
		{BC78F03C-384C-41CC-BD5A-15D9E3156704}.Debug|Any CPU.Build.0 = Debug|Any CPU
		{BC78F03C-384C-41CC-BD5A-15D9E3156704}.Debug|x64.ActiveCfg = Debug|Any CPU
		{BC78F03C-384C-41CC-BD5A-15D9E3156704}.Debug|x64.Build.0 = Debug|Any CPU
		{BC78F03C-384C-41CC-BD5A-15D9E3156704}.Debug|x86.ActiveCfg = Debug|Any CPU
		{BC78F03C-384C-41CC-BD5A-15D9E3156704}.Debug|x86.Build.0 = Debug|Any CPU
		{BC78F03C-384C-41CC-BD5A-15D9E3156704}.Release|Any CPU.ActiveCfg = Release|Any CPU
		{BC78F03C-384C-41CC-BD5A-15D9E3156704}.Release|Any CPU.Build.0 = Release|Any CPU
		{BC78F03C-384C-41CC-BD5A-15D9E3156704}.Release|x64.ActiveCfg = Release|Any CPU
		{BC78F03C-384C-41CC-BD5A-15D9E3156704}.Release|x64.Build.0 = Release|Any CPU
		{BC78F03C-384C-41CC-BD5A-15D9E3156704}.Release|x86.ActiveCfg = Release|Any CPU
		{BC78F03C-384C-41CC-BD5A-15D9E3156704}.Release|x86.Build.0 = Release|Any CPU
	EndGlobalSection
	GlobalSection(SolutionProperties) = preSolution
		HideSolutionNode = FALSE
	EndGlobalSection
	GlobalSection(NestedProjects) = preSolution
		{9F44520A-5BDB-444F-A966-89299FC0B7C8} = {F4A80CCA-B7E7-49BF-BE16-A7A411D033B2}
		{21CAF064-1FFE-491A-9960-5A4578AC15ED} = {F4A80CCA-B7E7-49BF-BE16-A7A411D033B2}
		{46057B98-9FA4-4BE4-8288-EF5CF9E7AB76} = {11E07716-DE5F-43A2-8227-33EA241DBF44}
		{5DAE05A8-B447-4C7F-99FB-AE0F3D120177} = {11E07716-DE5F-43A2-8227-33EA241DBF44}
		{237A69EF-A983-47E1-9585-A35A4BE9BB99} = {11E07716-DE5F-43A2-8227-33EA241DBF44}
		{EBB4C23C-FFB2-4C01-965B-74402F56C6CF} = {11E07716-DE5F-43A2-8227-33EA241DBF44}
		{F2FB8BA7-7A93-4369-9CFA-1EDB0F96B081} = {11E07716-DE5F-43A2-8227-33EA241DBF44}
		{2606F1F2-2294-4B99-953E-06CBA0D8D00F} = {F4A80CCA-B7E7-49BF-BE16-A7A411D033B2}
		{CEEA1F0B-F47C-406F-9738-2134C784D7EC} = {F4A80CCA-B7E7-49BF-BE16-A7A411D033B2}
		{F3A570D9-5DD5-4E5D-BA79-389E463225FC} = {F4A80CCA-B7E7-49BF-BE16-A7A411D033B2}
		{2F67D06D-D6D0-4156-8685-418DC7206E63} = {F4A80CCA-B7E7-49BF-BE16-A7A411D033B2}
	EndGlobalSection
	GlobalSection(ExtensibilityGlobals) = postSolution
		SolutionGuid = {887D4EE0-68E5-45B9-AFF2-AD472076BF3A}
	EndGlobalSection
EndGlobal
