
Microsoft Visual Studio Solution File, Format Version 12.00
# Visual Studio 15
VisualStudioVersion = 15.0.27428.2027
MinimumVisualStudioVersion = 10.0.40219.1
Project("{FAE04EC0-301F-11D3-BF4B-00C04F79EFBC}") = "SystemUnderTest", "SystemUnderTest\SystemUnderTest.csproj", "{8EDF4429-251A-416D-BB68-93F227191BCF}"
EndProject
Project("{FAE04EC0-301F-11D3-BF4B-00C04F79EFBC}") = "TestRunner", "TestRunner\TestRunner.csproj", "{5DAE05A8-B447-4C7F-99FB-AE0F3D120177}"
EndProject
Project("{FAE04EC0-301F-11D3-BF4B-00C04F79EFBC}") = "MessageModels", "MessageModels\MessageModels.csproj", "{2515EBDF-3275-4934-85A1-CB7BFC166DD4}"
EndProject
Project("{FAE04EC0-301F-11D3-BF4B-00C04F79EFBC}") = "RabbitSender", "RabbitSender\RabbitSender.csproj", "{43B63763-7EBC-48FF-A535-29AE2C0CE874}"
EndProject
Project("{FAE04EC0-301F-11D3-BF4B-00C04F79EFBC}") = "TransportService", "TransportService\TransportService.csproj", "{77F45F11-40AE-41C0-9CCC-3CE1D0EA80FE}"
EndProject
Project("{2150E333-8FDC-42A3-9474-1A3956D46DE8}") = "Docker", "Docker", "{073CED0F-172A-4F1F-A997-4BEBAB2BC715}"
EndProject
Project("{FAE04EC0-301F-11D3-BF4B-00C04F79EFBC}") = "ContainerManager", "ContainerManager\ContainerManager.csproj", "{67DC6AD7-4BC4-408C-8368-A44929E9ED85}"
EndProject
Global
	GlobalSection(SolutionConfigurationPlatforms) = preSolution
		Debug|Any CPU = Debug|Any CPU
		Release|Any CPU = Release|Any CPU
	EndGlobalSection
	GlobalSection(ProjectConfigurationPlatforms) = postSolution
		{8EDF4429-251A-416D-BB68-93F227191BCF}.Debug|Any CPU.ActiveCfg = Debug|Any CPU
		{8EDF4429-251A-416D-BB68-93F227191BCF}.Debug|Any CPU.Build.0 = Debug|Any CPU
		{8EDF4429-251A-416D-BB68-93F227191BCF}.Release|Any CPU.ActiveCfg = Release|Any CPU
		{8EDF4429-251A-416D-BB68-93F227191BCF}.Release|Any CPU.Build.0 = Release|Any CPU
		{5DAE05A8-B447-4C7F-99FB-AE0F3D120177}.Debug|Any CPU.ActiveCfg = Debug|Any CPU
		{5DAE05A8-B447-4C7F-99FB-AE0F3D120177}.Debug|Any CPU.Build.0 = Debug|Any CPU
		{5DAE05A8-B447-4C7F-99FB-AE0F3D120177}.Release|Any CPU.ActiveCfg = Release|Any CPU
		{5DAE05A8-B447-4C7F-99FB-AE0F3D120177}.Release|Any CPU.Build.0 = Release|Any CPU
		{2515EBDF-3275-4934-85A1-CB7BFC166DD4}.Debug|Any CPU.ActiveCfg = Debug|Any CPU
		{2515EBDF-3275-4934-85A1-CB7BFC166DD4}.Debug|Any CPU.Build.0 = Debug|Any CPU
		{2515EBDF-3275-4934-85A1-CB7BFC166DD4}.Release|Any CPU.ActiveCfg = Release|Any CPU
		{2515EBDF-3275-4934-85A1-CB7BFC166DD4}.Release|Any CPU.Build.0 = Release|Any CPU
		{43B63763-7EBC-48FF-A535-29AE2C0CE874}.Debug|Any CPU.ActiveCfg = Debug|Any CPU
		{43B63763-7EBC-48FF-A535-29AE2C0CE874}.Debug|Any CPU.Build.0 = Debug|Any CPU
		{43B63763-7EBC-48FF-A535-29AE2C0CE874}.Release|Any CPU.ActiveCfg = Release|Any CPU
		{43B63763-7EBC-48FF-A535-29AE2C0CE874}.Release|Any CPU.Build.0 = Release|Any CPU
		{77F45F11-40AE-41C0-9CCC-3CE1D0EA80FE}.Debug|Any CPU.ActiveCfg = Debug|Any CPU
		{77F45F11-40AE-41C0-9CCC-3CE1D0EA80FE}.Debug|Any CPU.Build.0 = Debug|Any CPU
		{77F45F11-40AE-41C0-9CCC-3CE1D0EA80FE}.Release|Any CPU.ActiveCfg = Release|Any CPU
		{77F45F11-40AE-41C0-9CCC-3CE1D0EA80FE}.Release|Any CPU.Build.0 = Release|Any CPU
		{67DC6AD7-4BC4-408C-8368-A44929E9ED85}.Debug|Any CPU.ActiveCfg = Debug|Any CPU
		{67DC6AD7-4BC4-408C-8368-A44929E9ED85}.Debug|Any CPU.Build.0 = Debug|Any CPU
		{67DC6AD7-4BC4-408C-8368-A44929E9ED85}.Release|Any CPU.ActiveCfg = Release|Any CPU
		{67DC6AD7-4BC4-408C-8368-A44929E9ED85}.Release|Any CPU.Build.0 = Release|Any CPU
	EndGlobalSection
	GlobalSection(SolutionProperties) = preSolution
		HideSolutionNode = FALSE
	EndGlobalSection
	GlobalSection(ExtensibilityGlobals) = postSolution
		SolutionGuid = {887D4EE0-68E5-45B9-AFF2-AD472076BF3A}
	EndGlobalSection
EndGlobal
